{
  "version": 4,
  "terraform_version": "1.9.5",
  "serial": 276,
  "lineage": "8283a33d-46e6-4743-b377-1b345ef2443f",
  "outputs": {},
  "resources": [
    {
      "mode": "managed",
      "type": "aws_autoscaling_group",
      "name": "private_asg",
      "provider": "provider[\"registry.terraform.io/hashicorp/aws\"]",
      "instances": [
        {
          "schema_version": 0,
          "attributes": {
            "arn": "arn:aws:autoscaling:us-east-1:285371036445:autoScalingGroup:cac0cc53-21bb-48ea-8c2e-2de0eaea2286:autoScalingGroupName/terraform-20241114210518731500000004",
            "availability_zones": [
              "us-east-1a",
              "us-east-1b"
            ],
            "capacity_rebalance": false,
            "context": "",
            "default_cooldown": 300,
            "default_instance_warmup": 0,
            "desired_capacity": 1,
            "desired_capacity_type": "",
            "enabled_metrics": [],
            "force_delete": false,
            "force_delete_warm_pool": false,
            "health_check_grace_period": 300,
            "health_check_type": "EC2",
            "id": "terraform-20241114210518731500000004",
            "initial_lifecycle_hook": [],
            "instance_refresh": [],
            "launch_configuration": "example-lc",
            "launch_template": [],
            "load_balancers": [],
            "max_instance_lifetime": 0,
            "max_size": 3,
            "metrics_granularity": "1Minute",
            "min_elb_capacity": null,
            "min_size": 1,
            "mixed_instances_policy": [],
            "name": "terraform-20241114210518731500000004",
            "name_prefix": "terraform-",
            "placement_group": "",
            "predicted_capacity": 0,
            "protect_from_scale_in": false,
            "service_linked_role_arn": "arn:aws:iam::285371036445:role/aws-service-role/autoscaling.amazonaws.com/AWSServiceRoleForAutoScaling",
            "suspended_processes": [],
            "tag": [],
            "tags": [
              {
                "key": "Name",
                "propagate_at_launch": "true",
                "value": "Private-ASG-Instance"
              }
            ],
            "target_group_arns": [],
            "termination_policies": [],
            "timeouts": null,
            "vpc_zone_identifier": [
              "subnet-0d587688dc4410dfe",
              "subnet-0e6979c841743ee09"
            ],
            "wait_for_capacity_timeout": "10m",
            "wait_for_elb_capacity": null,
            "warm_pool": [],
            "warm_pool_size": 0
          },
          "sensitive_attributes": [],
          "private": "eyJlMmJmYjczMC1lY2FhLTExZTYtOGY4OC0zNDM2M2JjN2M0YzAiOnsiZGVsZXRlIjo2MDAwMDAwMDAwMDAsInVwZGF0ZSI6NjAwMDAwMDAwMDAwfX0=",
          "dependencies": [
            "aws_launch_configuration.lc",
            "aws_subnet.private_subnets",
            "aws_vpc.main"
          ]
        }
      ]
    },
    {
      "mode": "managed",
      "type": "aws_autoscaling_group",
      "name": "public_asg",
      "provider": "provider[\"registry.terraform.io/hashicorp/aws\"]",
      "instances": [
        {
          "schema_version": 0,
          "attributes": {
            "arn": "arn:aws:autoscaling:us-east-1:285371036445:autoScalingGroup:f71090f1-05a2-4e89-aeea-0317c77acab3:autoScalingGroupName/terraform-20241114210518657500000003",
            "availability_zones": [
              "us-east-1a",
              "us-east-1b"
            ],
            "capacity_rebalance": false,
            "context": "",
            "default_cooldown": 300,
            "default_instance_warmup": 0,
            "desired_capacity": 1,
            "desired_capacity_type": "",
            "enabled_metrics": [],
            "force_delete": false,
            "force_delete_warm_pool": false,
            "health_check_grace_period": 300,
            "health_check_type": "EC2",
            "id": "terraform-20241114210518657500000003",
            "initial_lifecycle_hook": [],
            "instance_refresh": [],
            "launch_configuration": "example-lc",
            "launch_template": [],
            "load_balancers": [],
            "max_instance_lifetime": 0,
            "max_size": 3,
            "metrics_granularity": "1Minute",
            "min_elb_capacity": null,
            "min_size": 1,
            "mixed_instances_policy": [],
            "name": "terraform-20241114210518657500000003",
            "name_prefix": "terraform-",
            "placement_group": "",
            "predicted_capacity": 0,
            "protect_from_scale_in": false,
            "service_linked_role_arn": "arn:aws:iam::285371036445:role/aws-service-role/autoscaling.amazonaws.com/AWSServiceRoleForAutoScaling",
            "suspended_processes": [],
            "tag": [],
            "tags": [
              {
                "key": "Name",
                "propagate_at_launch": "true",
                "value": "Public-ASG-Instance"
              }
            ],
            "target_group_arns": [],
            "termination_policies": [],
            "timeouts": null,
            "vpc_zone_identifier": [
              "subnet-013b0efb18c757f03",
              "subnet-06f5668d5f047f7d9"
            ],
            "wait_for_capacity_timeout": "10m",
            "wait_for_elb_capacity": null,
            "warm_pool": [],
            "warm_pool_size": 0
          },
          "sensitive_attributes": [],
          "private": "eyJlMmJmYjczMC1lY2FhLTExZTYtOGY4OC0zNDM2M2JjN2M0YzAiOnsiZGVsZXRlIjo2MDAwMDAwMDAwMDAsInVwZGF0ZSI6NjAwMDAwMDAwMDAwfX0=",
          "dependencies": [
            "aws_launch_configuration.lc",
            "aws_subnet.public_subnets",
            "aws_vpc.main"
          ]
        }
      ]
    },
    {
      "mode": "managed",
      "type": "aws_eip",
      "name": "nat",
      "provider": "provider[\"registry.terraform.io/hashicorp/aws\"]",
      "instances": [
        {
          "schema_version": 0,
          "attributes": {
            "address": null,
            "allocation_id": "eipalloc-0edc5c50047fdd963",
            "associate_with_private_ip": null,
            "association_id": "eipassoc-0b7a26705c1e01142",
            "carrier_ip": "",
            "customer_owned_ip": "",
            "customer_owned_ipv4_pool": "",
            "domain": "vpc",
            "id": "eipalloc-0edc5c50047fdd963",
            "instance": "",
            "network_border_group": "us-east-1",
            "network_interface": "eni-03be55ea47fa124b1",
            "private_dns": "ip-10-0-1-111.ec2.internal",
            "private_ip": "10.0.1.111",
            "public_dns": "ec2-34-232-235-141.compute-1.amazonaws.com",
            "public_ip": "34.232.235.141",
            "public_ipv4_pool": "amazon",
            "tags": {
              "Name": "Elastic IP for NAT Gateway"
            },
            "tags_all": {
              "Name": "Elastic IP for NAT Gateway"
            },
            "timeouts": null,
            "vpc": true
          },
          "sensitive_attributes": [],
          "private": "eyJlMmJmYjczMC1lY2FhLTExZTYtOGY4OC0zNDM2M2JjN2M0YzAiOnsiZGVsZXRlIjoxODAwMDAwMDAwMDAsInJlYWQiOjkwMDAwMDAwMDAwMCwidXBkYXRlIjozMDAwMDAwMDAwMDB9fQ=="
        }
      ]
    },
    {
      "mode": "managed",
      "type": "aws_internet_gateway",
      "name": "gw",
      "provider": "provider[\"registry.terraform.io/hashicorp/aws\"]",
      "instances": [
        {
          "schema_version": 0,
          "attributes": {
            "arn": "arn:aws:ec2:us-east-1:285371036445:internet-gateway/igw-07cea13707907d542",
            "id": "igw-07cea13707907d542",
            "owner_id": "285371036445",
            "tags": {
              "Name": "Internet-Gateway-East"
            },
            "tags_all": {
              "Name": "Internet-Gateway-East"
            },
            "timeouts": null,
            "vpc_id": "vpc-0d4cc822e4eeceb89"
          },
          "sensitive_attributes": [],
          "private": "eyJlMmJmYjczMC1lY2FhLTExZTYtOGY4OC0zNDM2M2JjN2M0YzAiOnsiY3JlYXRlIjoxMjAwMDAwMDAwMDAwLCJkZWxldGUiOjEyMDAwMDAwMDAwMDAsInVwZGF0ZSI6MTIwMDAwMDAwMDAwMH19",
          "dependencies": [
            "aws_vpc.main"
          ]
        }
      ]
    },
    {
      "mode": "managed",
      "type": "aws_key_pair",
      "name": "vivene_key",
      "provider": "provider[\"registry.terraform.io/hashicorp/aws\"]",
      "instances": [
        {
          "schema_version": 1,
          "attributes": {
            "arn": "arn:aws:ec2:us-east-1:285371036445:key-pair/chave-vivene",
            "fingerprint": "fa:5a:99:13:19:08:e4:28:06:64:b6:e1:b1:c6:7c:03",
            "id": "chave-vivene",
            "key_name": "chave-vivene",
            "key_name_prefix": "",
            "key_pair_id": "key-019096609b67bee10",
            "key_type": "rsa",
            "public_key": "ssh-rsa AAAAB3NzaC1yc2EAAAADAQABAAABAQDE7SoojMHrNvsfY4Ne587EFq8J+uJ0Z87oHSQpgRNTBZWHSvDU34qDap0V031xj1QqUezVIidzMFp17iZGa+22UaRLvfP5v7r9fveywjGoJ+wFqbBJ9EW/QqL0g/aVBIoplMsEd8A5AwNH+jrI/74xgSRf5sVQ+mCeLzJOJ0Z4T3scWqixSReZChse4kkdI1IFhXyMMxgc5+eZBzJn7RGqgP0A7fIRoWOuIKvY0BEnbuybwarwZa2t+RChp3RyLaArHxYC16htqiYH+hOW1SpjNdlqV9DZj5XgtLzy6L7Q0HouZHHtsM5aSSyXV0pBaCdlSz2H3uXp3GWwO6ykYwpH",
            "tags": {},
            "tags_all": {}
          },
          "sensitive_attributes": [],
          "private": "eyJzY2hlbWFfdmVyc2lvbiI6IjEifQ==",
          "dependencies": [
            "tls_private_key.vivene_key"
          ]
        }
      ]
    },
    {
      "mode": "managed",
      "type": "aws_launch_configuration",
      "name": "lc",
      "provider": "provider[\"registry.terraform.io/hashicorp/aws\"]",
      "instances": [
        {
          "schema_version": 0,
          "attributes": {
            "arn": "arn:aws:autoscaling:us-east-1:285371036445:launchConfiguration:410a75d7-2482-44e2-92be-9eb50d77f210:launchConfigurationName/example-lc",
            "associate_public_ip_address": false,
            "ebs_block_device": [],
            "ebs_optimized": false,
            "enable_monitoring": true,
            "ephemeral_block_device": [],
            "iam_instance_profile": "",
            "id": "example-lc",
            "image_id": "ami-0e86e20dae9224db8",
            "instance_type": "t2.micro",
            "key_name": "chave-vivene",
            "metadata_options": [],
            "name": "example-lc",
            "name_prefix": "",
            "placement_tenancy": "",
            "root_block_device": [
              {
                "delete_on_termination": true,
                "encrypted": false,
                "iops": 0,
                "throughput": 0,
                "volume_size": 8,
                "volume_type": "gp2"
              }
            ],
            "security_groups": [],
            "spot_price": "",
            "user_data": null,
            "user_data_base64": null,
            "vpc_classic_link_id": "",
            "vpc_classic_link_security_groups": []
          },
          "sensitive_attributes": [],
          "private": "bnVsbA==",
          "create_before_destroy": true
        }
      ]
    },
    {
      "mode": "managed",
      "type": "aws_lb",
      "name": "app_lb",
      "provider": "provider[\"registry.terraform.io/hashicorp/aws\"]",
      "instances": [
        {
          "schema_version": 0,
          "attributes": {
            "access_logs": [
              {
                "bucket": "",
                "enabled": false,
                "prefix": ""
              }
            ],
            "arn": "arn:aws:elasticloadbalancing:us-east-1:285371036445:loadbalancer/app/app-lb/9013a9cb9aa7b86f",
            "arn_suffix": "app/app-lb/9013a9cb9aa7b86f",
            "customer_owned_ipv4_pool": "",
            "desync_mitigation_mode": "defensive",
            "dns_name": "app-lb-1465138591.us-east-1.elb.amazonaws.com",
            "drop_invalid_header_fields": false,
            "enable_cross_zone_load_balancing": true,
            "enable_deletion_protection": false,
            "enable_http2": true,
            "enable_tls_version_and_cipher_suite_headers": false,
            "enable_waf_fail_open": false,
            "enable_xff_client_port": false,
            "id": "arn:aws:elasticloadbalancing:us-east-1:285371036445:loadbalancer/app/app-lb/9013a9cb9aa7b86f",
            "idle_timeout": 60,
            "internal": false,
            "ip_address_type": "ipv4",
            "load_balancer_type": "application",
            "name": "app-lb",
            "name_prefix": null,
            "preserve_host_header": false,
            "security_groups": [
              "sg-0cff1f9776407f644"
            ],
            "subnet_mapping": [
              {
                "allocation_id": "",
                "ipv6_address": "",
                "outpost_id": "",
                "private_ipv4_address": "",
                "subnet_id": "subnet-013b0efb18c757f03"
              },
              {
                "allocation_id": "",
                "ipv6_address": "",
                "outpost_id": "",
                "private_ipv4_address": "",
                "subnet_id": "subnet-06f5668d5f047f7d9"
              }
            ],
            "subnets": [
              "subnet-013b0efb18c757f03",
              "subnet-06f5668d5f047f7d9"
            ],
            "tags": {
              "Name": "app-lb"
            },
            "tags_all": {
              "Name": "app-lb"
            },
            "timeouts": null,
            "vpc_id": "vpc-0d4cc822e4eeceb89",
            "xff_header_processing_mode": "append",
            "zone_id": "Z35SXDOTRQ7X7K"
          },
          "sensitive_attributes": [],
          "private": "eyJlMmJmYjczMC1lY2FhLTExZTYtOGY4OC0zNDM2M2JjN2M0YzAiOnsiY3JlYXRlIjo2MDAwMDAwMDAwMDAsImRlbGV0ZSI6NjAwMDAwMDAwMDAwLCJ1cGRhdGUiOjYwMDAwMDAwMDAwMH19",
          "dependencies": [
            "aws_security_group.lb_sg",
            "aws_subnet.public_subnets",
            "aws_vpc.main"
          ]
        }
      ]
    },
    {
      "mode": "managed",
      "type": "aws_lb_listener",
      "name": "app_lb_listener",
      "provider": "provider[\"registry.terraform.io/hashicorp/aws\"]",
      "instances": [
        {
          "schema_version": 0,
          "attributes": {
            "alpn_policy": null,
            "arn": "arn:aws:elasticloadbalancing:us-east-1:285371036445:listener/app/app-lb/9013a9cb9aa7b86f/e5e7633dea404bf0",
            "certificate_arn": null,
            "default_action": [
              {
                "authenticate_cognito": [],
                "authenticate_oidc": [],
                "fixed_response": [],
                "forward": [],
                "order": 1,
                "redirect": [],
                "target_group_arn": "arn:aws:elasticloadbalancing:us-east-1:285371036445:targetgroup/app-tg/c13c06abaf77331d",
                "type": "forward"
              }
            ],
            "id": "arn:aws:elasticloadbalancing:us-east-1:285371036445:listener/app/app-lb/9013a9cb9aa7b86f/e5e7633dea404bf0",
            "load_balancer_arn": "arn:aws:elasticloadbalancing:us-east-1:285371036445:loadbalancer/app/app-lb/9013a9cb9aa7b86f",
            "port": 80,
            "protocol": "HTTP",
            "ssl_policy": "",
            "tags": {},
            "tags_all": {},
            "timeouts": null
          },
          "sensitive_attributes": [],
          "private": "eyJlMmJmYjczMC1lY2FhLTExZTYtOGY4OC0zNDM2M2JjN2M0YzAiOnsicmVhZCI6NjAwMDAwMDAwMDAwfX0=",
          "dependencies": [
            "aws_lb.app_lb",
            "aws_lb_target_group.app_tg",
            "aws_security_group.lb_sg",
            "aws_subnet.public_subnets",
            "aws_vpc.main"
          ]
        }
      ]
    },
    {
      "mode": "managed",
      "type": "aws_lb_target_group",
      "name": "app_tg",
      "provider": "provider[\"registry.terraform.io/hashicorp/aws\"]",
      "instances": [
        {
          "schema_version": 0,
          "attributes": {
            "arn": "arn:aws:elasticloadbalancing:us-east-1:285371036445:targetgroup/app-tg/c13c06abaf77331d",
            "arn_suffix": "targetgroup/app-tg/c13c06abaf77331d",
            "connection_termination": false,
            "deregistration_delay": "300",
            "health_check": [
              {
                "enabled": true,
                "healthy_threshold": 2,
                "interval": 30,
                "matcher": "200",
                "path": "/",
                "port": "traffic-port",
                "protocol": "HTTP",
                "timeout": 5,
                "unhealthy_threshold": 2
              }
            ],
            "id": "arn:aws:elasticloadbalancing:us-east-1:285371036445:targetgroup/app-tg/c13c06abaf77331d",
            "ip_address_type": "ipv4",
            "lambda_multi_value_headers_enabled": false,
            "load_balancing_algorithm_type": "round_robin",
            "load_balancing_cross_zone_enabled": "use_load_balancer_configuration",
            "name": "app-tg",
            "name_prefix": null,
            "port": 80,
            "preserve_client_ip": null,
            "protocol": "HTTP",
            "protocol_version": "HTTP1",
            "proxy_protocol_v2": false,
            "slow_start": 0,
            "stickiness": [
              {
                "cookie_duration": 86400,
                "cookie_name": "",
                "enabled": false,
                "type": "lb_cookie"
              }
            ],
            "tags": {
              "Name": "app-tg"
            },
            "tags_all": {
              "Name": "app-tg"
            },
            "target_failover": [
              {
                "on_deregistration": null,
                "on_unhealthy": null
              }
            ],
            "target_type": "instance",
            "vpc_id": "vpc-0d4cc822e4eeceb89"
          },
          "sensitive_attributes": [],
          "private": "bnVsbA==",
          "dependencies": [
            "aws_vpc.main"
          ]
        }
      ]
    },
    {
      "mode": "managed",
      "type": "aws_nat_gateway",
      "name": "nat",
      "provider": "provider[\"registry.terraform.io/hashicorp/aws\"]",
      "instances": [
        {
          "schema_version": 0,
          "attributes": {
            "allocation_id": "eipalloc-0edc5c50047fdd963",
            "association_id": "eipassoc-0b7a26705c1e01142",
            "connectivity_type": "public",
            "id": "nat-06eacfa0fffe4ed13",
            "network_interface_id": "eni-03be55ea47fa124b1",
            "private_ip": "10.0.1.111",
            "public_ip": "34.232.235.141",
            "subnet_id": "subnet-013b0efb18c757f03",
            "tags": {},
            "tags_all": {}
          },
          "sensitive_attributes": [],
          "private": "bnVsbA==",
          "dependencies": [
            "aws_eip.nat",
            "aws_subnet.public_subnets",
            "aws_vpc.main"
          ]
        }
      ]
    },
    {
      "mode": "managed",
      "type": "aws_route_table",
      "name": "private_rt",
      "provider": "provider[\"registry.terraform.io/hashicorp/aws\"]",
      "instances": [
        {
          "schema_version": 0,
          "attributes": {
            "arn": "arn:aws:ec2:us-east-1:285371036445:route-table/rtb-07b531cd2bdc404ef",
            "id": "rtb-07b531cd2bdc404ef",
            "owner_id": "285371036445",
            "propagating_vgws": [],
            "route": [
              {
                "carrier_gateway_id": "",
                "cidr_block": "0.0.0.0/0",
                "core_network_arn": "",
                "destination_prefix_list_id": "",
                "egress_only_gateway_id": "",
                "gateway_id": "",
                "instance_id": "",
                "ipv6_cidr_block": "",
                "local_gateway_id": "",
                "nat_gateway_id": "nat-06eacfa0fffe4ed13",
                "network_interface_id": "",
                "transit_gateway_id": "",
                "vpc_endpoint_id": "",
                "vpc_peering_connection_id": ""
              }
            ],
            "tags": {
              "Name": "Private Route Table - East"
            },
            "tags_all": {
              "Name": "Private Route Table - East"
            },
            "timeouts": null,
            "vpc_id": "vpc-0d4cc822e4eeceb89"
          },
          "sensitive_attributes": [],
          "private": "eyJlMmJmYjczMC1lY2FhLTExZTYtOGY4OC0zNDM2M2JjN2M0YzAiOnsiY3JlYXRlIjozMDAwMDAwMDAwMDAsImRlbGV0ZSI6MzAwMDAwMDAwMDAwLCJ1cGRhdGUiOjEyMDAwMDAwMDAwMH19",
          "dependencies": [
            "aws_eip.nat",
            "aws_nat_gateway.nat",
            "aws_subnet.public_subnets",
            "aws_vpc.main"
          ]
        }
      ]
    },
    {
      "mode": "managed",
      "type": "aws_route_table",
      "name": "public_rt",
      "provider": "provider[\"registry.terraform.io/hashicorp/aws\"]",
      "instances": [
        {
          "schema_version": 0,
          "attributes": {
            "arn": "arn:aws:ec2:us-east-1:285371036445:route-table/rtb-010d2c54653826a1b",
            "id": "rtb-010d2c54653826a1b",
            "owner_id": "285371036445",
            "propagating_vgws": [],
            "route": [
              {
                "carrier_gateway_id": "",
                "cidr_block": "0.0.0.0/0",
                "core_network_arn": "",
                "destination_prefix_list_id": "",
                "egress_only_gateway_id": "",
                "gateway_id": "igw-07cea13707907d542",
                "instance_id": "",
                "ipv6_cidr_block": "",
                "local_gateway_id": "",
                "nat_gateway_id": "",
                "network_interface_id": "",
                "transit_gateway_id": "",
                "vpc_endpoint_id": "",
                "vpc_peering_connection_id": ""
              }
            ],
            "tags": {
              "Name": "Public Route Table - East"
            },
            "tags_all": {
              "Name": "Public Route Table - East"
            },
            "timeouts": null,
            "vpc_id": "vpc-0d4cc822e4eeceb89"
          },
          "sensitive_attributes": [],
          "private": "eyJlMmJmYjczMC1lY2FhLTExZTYtOGY4OC0zNDM2M2JjN2M0YzAiOnsiY3JlYXRlIjozMDAwMDAwMDAwMDAsImRlbGV0ZSI6MzAwMDAwMDAwMDAwLCJ1cGRhdGUiOjEyMDAwMDAwMDAwMH19",
          "dependencies": [
            "aws_internet_gateway.gw",
            "aws_vpc.main"
          ]
        }
      ]
    },
    {
      "mode": "managed",
      "type": "aws_route_table_association",
      "name": "private_subnet_association",
      "provider": "provider[\"registry.terraform.io/hashicorp/aws\"]",
      "instances": [
        {
          "index_key": 0,
          "schema_version": 0,
          "attributes": {
            "gateway_id": "",
            "id": "rtbassoc-00c7c982b6a1c01b0",
            "route_table_id": "rtb-07b531cd2bdc404ef",
            "subnet_id": "subnet-0d587688dc4410dfe",
            "timeouts": null
          },
          "sensitive_attributes": [],
          "private": "eyJlMmJmYjczMC1lY2FhLTExZTYtOGY4OC0zNDM2M2JjN2M0YzAiOnsiY3JlYXRlIjozMDAwMDAwMDAwMDAsImRlbGV0ZSI6MzAwMDAwMDAwMDAwLCJ1cGRhdGUiOjEyMDAwMDAwMDAwMH19",
          "dependencies": [
            "aws_eip.nat",
            "aws_nat_gateway.nat",
            "aws_route_table.private_rt",
            "aws_subnet.private_subnets",
            "aws_subnet.public_subnets",
            "aws_vpc.main"
          ]
        },
        {
          "index_key": 1,
          "schema_version": 0,
          "attributes": {
            "gateway_id": "",
            "id": "rtbassoc-0ee3e105ad3d2f213",
            "route_table_id": "rtb-07b531cd2bdc404ef",
            "subnet_id": "subnet-0e6979c841743ee09",
            "timeouts": null
          },
          "sensitive_attributes": [],
          "private": "eyJlMmJmYjczMC1lY2FhLTExZTYtOGY4OC0zNDM2M2JjN2M0YzAiOnsiY3JlYXRlIjozMDAwMDAwMDAwMDAsImRlbGV0ZSI6MzAwMDAwMDAwMDAwLCJ1cGRhdGUiOjEyMDAwMDAwMDAwMH19",
          "dependencies": [
            "aws_eip.nat",
            "aws_nat_gateway.nat",
            "aws_route_table.private_rt",
            "aws_subnet.private_subnets",
            "aws_subnet.public_subnets",
            "aws_vpc.main"
          ]
        }
      ]
    },
    {
      "mode": "managed",
      "type": "aws_route_table_association",
      "name": "public_subnet_association",
      "provider": "provider[\"registry.terraform.io/hashicorp/aws\"]",
      "instances": [
        {
          "index_key": 0,
          "schema_version": 0,
          "attributes": {
            "gateway_id": "",
            "id": "rtbassoc-00e12c0e8ab3e3d8a",
            "route_table_id": "rtb-010d2c54653826a1b",
            "subnet_id": "subnet-013b0efb18c757f03",
            "timeouts": null
          },
          "sensitive_attributes": [],
          "private": "eyJlMmJmYjczMC1lY2FhLTExZTYtOGY4OC0zNDM2M2JjN2M0YzAiOnsiY3JlYXRlIjozMDAwMDAwMDAwMDAsImRlbGV0ZSI6MzAwMDAwMDAwMDAwLCJ1cGRhdGUiOjEyMDAwMDAwMDAwMH19",
          "dependencies": [
            "aws_internet_gateway.gw",
            "aws_route_table.public_rt",
            "aws_subnet.public_subnets",
            "aws_vpc.main"
          ]
        },
        {
          "index_key": 1,
          "schema_version": 0,
          "attributes": {
            "gateway_id": "",
            "id": "rtbassoc-02d387d8c122a4f53",
            "route_table_id": "rtb-010d2c54653826a1b",
            "subnet_id": "subnet-06f5668d5f047f7d9",
            "timeouts": null
          },
          "sensitive_attributes": [],
          "private": "eyJlMmJmYjczMC1lY2FhLTExZTYtOGY4OC0zNDM2M2JjN2M0YzAiOnsiY3JlYXRlIjozMDAwMDAwMDAwMDAsImRlbGV0ZSI6MzAwMDAwMDAwMDAwLCJ1cGRhdGUiOjEyMDAwMDAwMDAwMH19",
          "dependencies": [
            "aws_internet_gateway.gw",
            "aws_route_table.public_rt",
            "aws_subnet.public_subnets",
            "aws_vpc.main"
          ]
        }
      ]
    },
    {
      "mode": "managed",
      "type": "aws_s3_bucket",
      "name": "s3-bucket",
      "provider": "provider[\"registry.terraform.io/hashicorp/aws\"]",
      "instances": [
        {
          "schema_version": 0,
          "attributes": {
            "acceleration_status": "",
            "acl": null,
            "arn": "arn:aws:s3:::vivene-velas-s3-bucket-teste-01",
            "bucket": "vivene-velas-s3-bucket-teste-01",
            "bucket_domain_name": "vivene-velas-s3-bucket-teste-01.s3.amazonaws.com",
            "bucket_prefix": "",
            "bucket_regional_domain_name": "vivene-velas-s3-bucket-teste-01.s3.amazonaws.com",
            "cors_rule": [],
            "force_destroy": false,
            "grant": [
              {
                "id": "77758396039175cdc6c31d491769e3bb601271a3f9c6de8d62586c8899ca7e4a",
                "permissions": [
                  "FULL_CONTROL"
                ],
                "type": "CanonicalUser",
                "uri": ""
              }
            ],
            "hosted_zone_id": "Z3AQBSTGFYJSTF",
            "id": "vivene-velas-s3-bucket-teste-01",
            "lifecycle_rule": [],
            "logging": [],
            "object_lock_configuration": [],
            "object_lock_enabled": false,
            "policy": "",
            "region": "us-east-1",
            "replication_configuration": [],
            "request_payer": "BucketOwner",
            "server_side_encryption_configuration": [
              {
                "rule": [
                  {
                    "apply_server_side_encryption_by_default": [
                      {
                        "kms_master_key_id": "",
                        "sse_algorithm": "AES256"
                      }
                    ],
                    "bucket_key_enabled": false
                  }
                ]
              }
            ],
            "tags": {
              "Name": "vivene-velas-s3-bucket-teste-01"
            },
            "tags_all": {
              "Name": "vivene-velas-s3-bucket-teste-01"
            },
            "timeouts": null,
            "versioning": [
              {
                "enabled": false,
                "mfa_delete": false
              }
            ],
            "website": [],
            "website_domain": null,
            "website_endpoint": null
          },
          "sensitive_attributes": [],
          "private": "eyJlMmJmYjczMC1lY2FhLTExZTYtOGY4OC0zNDM2M2JjN2M0YzAiOnsiY3JlYXRlIjoxMjAwMDAwMDAwMDAwLCJkZWxldGUiOjM2MDAwMDAwMDAwMDAsInJlYWQiOjEyMDAwMDAwMDAwMDAsInVwZGF0ZSI6MTIwMDAwMDAwMDAwMH19"
        }
      ]
    },
    {
      "mode": "managed",
      "type": "aws_security_group",
      "name": "ec2_sg",
      "provider": "provider[\"registry.terraform.io/hashicorp/aws\"]",
      "instances": [
        {
          "schema_version": 1,
          "attributes": {
            "arn": "arn:aws:ec2:us-east-1:285371036445:security-group/sg-0a382804dd66c120a",
            "description": "Managed by Terraform",
            "egress": [
              {
                "cidr_blocks": [
                  "0.0.0.0/0"
                ],
                "description": "",
                "from_port": 0,
                "ipv6_cidr_blocks": [],
                "prefix_list_ids": [],
                "protocol": "-1",
                "security_groups": [],
                "self": false,
                "to_port": 0
              }
            ],
            "id": "sg-0a382804dd66c120a",
            "ingress": [
              {
                "cidr_blocks": [
                  "0.0.0.0/0"
                ],
                "description": "",
                "from_port": 80,
                "ipv6_cidr_blocks": [],
                "prefix_list_ids": [],
                "protocol": "tcp",
                "security_groups": [],
                "self": false,
                "to_port": 80
              },
              {
                "cidr_blocks": [],
                "description": "",
                "from_port": 80,
                "ipv6_cidr_blocks": [],
                "prefix_list_ids": [],
                "protocol": "tcp",
                "security_groups": [
                  "sg-0cff1f9776407f644"
                ],
                "self": false,
                "to_port": 80
              }
            ],
            "name": "terraform-20241114210521452000000005",
            "name_prefix": "terraform-",
            "owner_id": "285371036445",
            "revoke_rules_on_delete": false,
            "tags": {
              "Name": "ec2-security-group"
            },
            "tags_all": {
              "Name": "ec2-security-group"
            },
            "timeouts": null,
            "vpc_id": "vpc-0d4cc822e4eeceb89"
          },
          "sensitive_attributes": [],
          "private": "eyJlMmJmYjczMC1lY2FhLTExZTYtOGY4OC0zNDM2M2JjN2M0YzAiOnsiY3JlYXRlIjo2MDAwMDAwMDAwMDAsImRlbGV0ZSI6OTAwMDAwMDAwMDAwfSwic2NoZW1hX3ZlcnNpb24iOiIxIn0=",
          "dependencies": [
            "aws_security_group.lb_sg",
            "aws_vpc.main"
          ]
        }
      ]
    },
    {
      "mode": "managed",
      "type": "aws_security_group",
      "name": "lb_sg",
      "provider": "provider[\"registry.terraform.io/hashicorp/aws\"]",
      "instances": [
        {
          "schema_version": 1,
          "attributes": {
            "arn": "arn:aws:ec2:us-east-1:285371036445:security-group/sg-0cff1f9776407f644",
            "description": "Managed by Terraform",
            "egress": [
              {
                "cidr_blocks": [
                  "0.0.0.0/0"
                ],
                "description": "",
                "from_port": 0,
                "ipv6_cidr_blocks": [],
                "prefix_list_ids": [],
                "protocol": "-1",
                "security_groups": [],
                "self": false,
                "to_port": 0
              }
            ],
            "id": "sg-0cff1f9776407f644",
            "ingress": [
              {
                "cidr_blocks": [
                  "0.0.0.0/0"
                ],
                "description": "",
                "from_port": 80,
                "ipv6_cidr_blocks": [],
                "prefix_list_ids": [],
                "protocol": "tcp",
                "security_groups": [],
                "self": false,
                "to_port": 80
              }
            ],
            "name": "terraform-20241114210517394300000001",
            "name_prefix": "terraform-",
            "owner_id": "285371036445",
            "revoke_rules_on_delete": false,
            "tags": {
              "Name": "lb-security-group"
            },
            "tags_all": {
              "Name": "lb-security-group"
            },
            "timeouts": null,
            "vpc_id": "vpc-0d4cc822e4eeceb89"
          },
          "sensitive_attributes": [],
          "private": "eyJlMmJmYjczMC1lY2FhLTExZTYtOGY4OC0zNDM2M2JjN2M0YzAiOnsiY3JlYXRlIjo2MDAwMDAwMDAwMDAsImRlbGV0ZSI6OTAwMDAwMDAwMDAwfSwic2NoZW1hX3ZlcnNpb24iOiIxIn0=",
          "dependencies": [
            "aws_vpc.main"
          ]
        }
      ]
    },
    {
      "mode": "managed",
      "type": "aws_subnet",
      "name": "private_subnets",
      "provider": "provider[\"registry.terraform.io/hashicorp/aws\"]",
      "instances": [
        {
          "index_key": 0,
          "schema_version": 1,
          "attributes": {
            "arn": "arn:aws:ec2:us-east-1:285371036445:subnet/subnet-0d587688dc4410dfe",
            "assign_ipv6_address_on_creation": false,
            "availability_zone": "us-east-1a",
            "availability_zone_id": "use1-az4",
            "cidr_block": "10.0.3.0/24",
            "customer_owned_ipv4_pool": "",
            "enable_dns64": false,
            "enable_lni_at_device_index": 0,
            "enable_resource_name_dns_a_record_on_launch": false,
            "enable_resource_name_dns_aaaa_record_on_launch": false,
            "id": "subnet-0d587688dc4410dfe",
            "ipv6_cidr_block": "",
            "ipv6_cidr_block_association_id": "",
            "ipv6_native": false,
            "map_customer_owned_ip_on_launch": false,
            "map_public_ip_on_launch": false,
            "outpost_arn": "",
            "owner_id": "285371036445",
            "private_dns_hostname_type_on_launch": "ip-name",
            "tags": {
              "Name": "Private Subnet 1 - East"
            },
            "tags_all": {
              "Name": "Private Subnet 1 - East"
            },
            "timeouts": null,
            "vpc_id": "vpc-0d4cc822e4eeceb89"
          },
          "sensitive_attributes": [],
          "private": "eyJlMmJmYjczMC1lY2FhLTExZTYtOGY4OC0zNDM2M2JjN2M0YzAiOnsiY3JlYXRlIjo2MDAwMDAwMDAwMDAsImRlbGV0ZSI6MTIwMDAwMDAwMDAwMH0sInNjaGVtYV92ZXJzaW9uIjoiMSJ9",
          "dependencies": [
            "aws_vpc.main"
          ]
        },
        {
          "index_key": 1,
          "schema_version": 1,
          "attributes": {
            "arn": "arn:aws:ec2:us-east-1:285371036445:subnet/subnet-0e6979c841743ee09",
            "assign_ipv6_address_on_creation": false,
            "availability_zone": "us-east-1b",
            "availability_zone_id": "use1-az6",
            "cidr_block": "10.0.4.0/24",
            "customer_owned_ipv4_pool": "",
            "enable_dns64": false,
            "enable_lni_at_device_index": 0,
            "enable_resource_name_dns_a_record_on_launch": false,
            "enable_resource_name_dns_aaaa_record_on_launch": false,
            "id": "subnet-0e6979c841743ee09",
            "ipv6_cidr_block": "",
            "ipv6_cidr_block_association_id": "",
            "ipv6_native": false,
            "map_customer_owned_ip_on_launch": false,
            "map_public_ip_on_launch": false,
            "outpost_arn": "",
            "owner_id": "285371036445",
            "private_dns_hostname_type_on_launch": "ip-name",
            "tags": {
              "Name": "Private Subnet 2 - East"
            },
            "tags_all": {
              "Name": "Private Subnet 2 - East"
            },
            "timeouts": null,
            "vpc_id": "vpc-0d4cc822e4eeceb89"
          },
          "sensitive_attributes": [],
          "private": "eyJlMmJmYjczMC1lY2FhLTExZTYtOGY4OC0zNDM2M2JjN2M0YzAiOnsiY3JlYXRlIjo2MDAwMDAwMDAwMDAsImRlbGV0ZSI6MTIwMDAwMDAwMDAwMH0sInNjaGVtYV92ZXJzaW9uIjoiMSJ9",
          "dependencies": [
            "aws_vpc.main"
          ]
        }
      ]
    },
    {
      "mode": "managed",
      "type": "aws_subnet",
      "name": "public_subnets",
      "provider": "provider[\"registry.terraform.io/hashicorp/aws\"]",
      "instances": [
        {
          "index_key": 0,
          "schema_version": 1,
          "attributes": {
            "arn": "arn:aws:ec2:us-east-1:285371036445:subnet/subnet-013b0efb18c757f03",
            "assign_ipv6_address_on_creation": false,
            "availability_zone": "us-east-1a",
            "availability_zone_id": "use1-az4",
            "cidr_block": "10.0.1.0/24",
            "customer_owned_ipv4_pool": "",
            "enable_dns64": false,
            "enable_lni_at_device_index": 0,
            "enable_resource_name_dns_a_record_on_launch": false,
            "enable_resource_name_dns_aaaa_record_on_launch": false,
            "id": "subnet-013b0efb18c757f03",
            "ipv6_cidr_block": "",
            "ipv6_cidr_block_association_id": "",
            "ipv6_native": false,
            "map_customer_owned_ip_on_launch": false,
            "map_public_ip_on_launch": false,
            "outpost_arn": "",
            "owner_id": "285371036445",
            "private_dns_hostname_type_on_launch": "ip-name",
            "tags": {
              "Name": "Public Subnet 1 - East"
            },
            "tags_all": {
              "Name": "Public Subnet 1 - East"
            },
            "timeouts": null,
            "vpc_id": "vpc-0d4cc822e4eeceb89"
          },
          "sensitive_attributes": [],
          "private": "eyJlMmJmYjczMC1lY2FhLTExZTYtOGY4OC0zNDM2M2JjN2M0YzAiOnsiY3JlYXRlIjo2MDAwMDAwMDAwMDAsImRlbGV0ZSI6MTIwMDAwMDAwMDAwMH0sInNjaGVtYV92ZXJzaW9uIjoiMSJ9",
          "dependencies": [
            "aws_vpc.main"
          ]
        },
        {
          "index_key": 1,
          "schema_version": 1,
          "attributes": {
            "arn": "arn:aws:ec2:us-east-1:285371036445:subnet/subnet-06f5668d5f047f7d9",
            "assign_ipv6_address_on_creation": false,
            "availability_zone": "us-east-1b",
            "availability_zone_id": "use1-az6",
            "cidr_block": "10.0.2.0/24",
            "customer_owned_ipv4_pool": "",
            "enable_dns64": false,
            "enable_lni_at_device_index": 0,
            "enable_resource_name_dns_a_record_on_launch": false,
            "enable_resource_name_dns_aaaa_record_on_launch": false,
            "id": "subnet-06f5668d5f047f7d9",
            "ipv6_cidr_block": "",
            "ipv6_cidr_block_association_id": "",
            "ipv6_native": false,
            "map_customer_owned_ip_on_launch": false,
            "map_public_ip_on_launch": false,
            "outpost_arn": "",
            "owner_id": "285371036445",
            "private_dns_hostname_type_on_launch": "ip-name",
            "tags": {
              "Name": "Public Subnet 2 - East"
            },
            "tags_all": {
              "Name": "Public Subnet 2 - East"
            },
            "timeouts": null,
            "vpc_id": "vpc-0d4cc822e4eeceb89"
          },
          "sensitive_attributes": [],
          "private": "eyJlMmJmYjczMC1lY2FhLTExZTYtOGY4OC0zNDM2M2JjN2M0YzAiOnsiY3JlYXRlIjo2MDAwMDAwMDAwMDAsImRlbGV0ZSI6MTIwMDAwMDAwMDAwMH0sInNjaGVtYV92ZXJzaW9uIjoiMSJ9",
          "dependencies": [
            "aws_vpc.main"
          ]
        }
      ]
    },
    {
      "mode": "managed",
      "type": "aws_vpc",
      "name": "main",
      "provider": "provider[\"registry.terraform.io/hashicorp/aws\"]",
      "instances": [
        {
          "schema_version": 1,
          "attributes": {
            "arn": "arn:aws:ec2:us-east-1:285371036445:vpc/vpc-0d4cc822e4eeceb89",
            "assign_generated_ipv6_cidr_block": false,
            "cidr_block": "10.0.0.0/16",
            "default_network_acl_id": "acl-0ab55ea60730b1b2c",
            "default_route_table_id": "rtb-0793db18e97da26c9",
            "default_security_group_id": "sg-00b4b5c0ad212a236",
            "dhcp_options_id": "dopt-0685ba5aa6fe33be9",
            "enable_classiclink": false,
            "enable_classiclink_dns_support": false,
            "enable_dns_hostnames": true,
            "enable_dns_support": true,
            "enable_network_address_usage_metrics": false,
            "id": "vpc-0d4cc822e4eeceb89",
            "instance_tenancy": "default",
            "ipv4_ipam_pool_id": null,
            "ipv4_netmask_length": null,
            "ipv6_association_id": "",
            "ipv6_cidr_block": "",
            "ipv6_cidr_block_network_border_group": "",
            "ipv6_ipam_pool_id": "",
            "ipv6_netmask_length": 0,
            "main_route_table_id": "rtb-0793db18e97da26c9",
            "owner_id": "285371036445",
            "tags": {
              "Name": "main-vpc-east"
            },
            "tags_all": {
              "Name": "main-vpc-east"
            }
          },
          "sensitive_attributes": [],
          "private": "eyJzY2hlbWFfdmVyc2lvbiI6IjEifQ=="
        }
      ]
    },
    {
      "mode": "managed",
      "type": "local_file",
      "name": "private_key",
      "provider": "provider[\"registry.terraform.io/hashicorp/local\"]",
      "instances": [
        {
          "schema_version": 0,
          "attributes": {
            "content": "-----BEGIN RSA PRIVATE KEY-----\nMIIEpQIBAAKCAQEAxO0qKIzB6zb7H2ODXufOxBavCfridGfO6B0kKYETUwWVh0rw\n1N+Kg2qdFdN9cY9UKlHs1SInczBade4mRmvttlGkS73z+b+6/X73ssIxqCfsBamw\nSfRFv0Ki9IP2lQSKKZTLBHfAOQMDR/o6yP++MYEkX+bFUPpgni8yTidGeE97HFqo\nsUkXmQobHuJJHSNSBYV8jDMYHOfnmQcyZ+0RqoD9AO3yEaFjriCr2NARJ27sm8Gq\n8GWtrfkQoad0ci2gKx8WAteobaomB/oTltUqYzXZalfQ2Y+V4LS88ui+0NB6LmRx\n7bDOWkksl1dKQWgnZUs9h97l6dxlsDuspGMKRwIDAQABAoIBAQCuQIoIfZzuTKVj\nfgP2C7q7arMSaqzNgjnkzDx+eVenJA7PO7HlO7TuWn2Lnaunu8Mm+31Mjz9HPycc\nqVG3CLO8m3t9BiWH/m8w9pOp2wpjmIfR7vguSHcbKZTWNpsP+4diCeanGmu+Rvs1\nSqePyjT6yyJrteEtqY+rCWpDG5/Qvj4TdeEQu4F+H/WWBT2+eW+O7Yd2CUK8HyCI\n5+KVOdi48Exv1pCXiOpCY1Lg/2htCLYSrpcn2YX+FzSyNjnTY2t1xSitHaPXzvWm\nuxiUen1Atg6DCUvLTA5OmB9/sMfOYCuEceXwWp/7TS4shmYjnBFtJQPvQ9GA0lyO\nZSw+JwXBAoGBAOsWl24CLiD9iwR/gJ8Vl4ZqTkPvBVtxolsUU0GUYm74GHvTvlKe\nHXjRdAbFWVmspE8vsush0hssIEifNvSsTKvLqBBExK8qPqyyoKOtcana2lmoO6++\nfzjuUd67mnXGXxVj5pcimdGubMhf7Gi1VAPq8qyRsJpWzjOQw20V6gVhAoGBANZx\njjfFrI1DDgaqEdjXhAjXpATG1JrzFkaY6RfimPFuGTbpQGnj0mGbEFg6NVYgDkDK\nlzpcF8F2GDa/0QWBwgFeSJWmGiN4/YnGNycndLhAVXammGSpirdsT+uxuzXa0vaF\n/8jH+H6lqqtKdqSHvQKG/dJnsQAG0kI9w1g0noinAoGBAJ6W7/Lbb6j7wbN4HBm1\npDGeN0wmy5NjtiYBMSUVZ836efHW5xau6azeh4olyd/v0ixFPkrW1vlTrDexiI5I\nSbS/P5IyAgk003EHU8z3La1rIU/IaPNm7EZIp1w9bLa06uHwMdeVFPVZ2LLX2xDL\n+nBmJ+14nw2PL62jo+JMHUIhAoGBALBAavyqCvWb/GY72ClakVnXKycF6O5mB5QE\nz+hixQQCUtUQB3JA3sR8d4WcagQcmrpkCMHduWS31JUDOSAGk1cekBf3ippHMlPP\nx7r1sfhSYCwCJ1TtCGdTrahxzwYnkacvYZk7yqEFNu5MaJE4Q4BVRT9vHEqCUMRD\nEVBpBzgXAoGANxDqW6SzuhRIeW3F880d36MgmyB/dJct84sGDeu5tKe42FY1dbwg\n9ZTCQ49K5/tBRdHRSprMQ3s9PiXCtIbpXSaY6eP5FXBLiuGViQVaKhkVmW0c6/32\nxAmDhwOwoyKemk5/eDW7CFkzp3FzWsPWxYYSvi5MrASE5kS00xwbnj0=\n-----END RSA PRIVATE KEY-----\n",
            "content_base64": null,
            "content_base64sha256": "c5bIEz4rJPMi/0kT9J+t5VMoJX8Gig34KALRoRzU9jo=",
            "content_base64sha512": "NZMFerZqdNNVSL1WBYnbBb7WVFBUDpejYdOmqTDtckv71NYDr1FkZXGI535EEwpjHvt7DIhsa3tU33W+5qKv8w==",
            "content_md5": "2f072a5a14892cbe2551855f1c5d8dbe",
            "content_sha1": "e537ee075c634b31889747a90bb478ca1b5daa76",
            "content_sha256": "7396c8133e2b24f322ff4913f49fade55328257f068a0df82802d1a11cd4f63a",
            "content_sha512": "3593057ab66a74d35548bd560589db05bed65450540e97a361d3a6a930ed724bfbd4d603af5164657188e77e44130a631efb7b0c886c6b7b54df75bee6a2aff3",
            "directory_permission": "0777",
            "file_permission": "0400",
            "filename": "./chave-vivene.pem",
            "id": "e537ee075c634b31889747a90bb478ca1b5daa76",
            "sensitive_content": null,
            "source": null
          },
          "sensitive_attributes": [
            [
              {
                "type": "get_attr",
                "value": "content"
              }
            ],
            [
              {
                "type": "get_attr",
                "value": "sensitive_content"
              }
            ]
          ],
          "dependencies": [
            "tls_private_key.vivene_key"
          ]
        }
      ]
    },
    {
      "mode": "managed",
      "type": "tls_private_key",
      "name": "vivene_key",
      "provider": "provider[\"registry.terraform.io/hashicorp/tls\"]",
      "instances": [
        {
          "schema_version": 1,
          "attributes": {
            "algorithm": "RSA",
            "ecdsa_curve": "P224",
            "id": "3b4727e136ac0ec188b3dce70b9ca1e3691fb7fb",
            "private_key_openssh": "-----BEGIN OPENSSH PRIVATE KEY-----\nb3BlbnNzaC1rZXktdjEAAAAABG5vbmUAAAAEbm9uZQAAAAAAAAABAAABFwAAAAdz\nc2gtcnNhAAAAAwEAAQAAAQEAxO0qKIzB6zb7H2ODXufOxBavCfridGfO6B0kKYET\nUwWVh0rw1N+Kg2qdFdN9cY9UKlHs1SInczBade4mRmvttlGkS73z+b+6/X73ssIx\nqCfsBamwSfRFv0Ki9IP2lQSKKZTLBHfAOQMDR/o6yP++MYEkX+bFUPpgni8yTidG\neE97HFqosUkXmQobHuJJHSNSBYV8jDMYHOfnmQcyZ+0RqoD9AO3yEaFjriCr2NAR\nJ27sm8Gq8GWtrfkQoad0ci2gKx8WAteobaomB/oTltUqYzXZalfQ2Y+V4LS88ui+\n0NB6LmRx7bDOWkksl1dKQWgnZUs9h97l6dxlsDuspGMKRwAAA7gbhZXRG4WV0QAA\nAAdzc2gtcnNhAAABAQDE7SoojMHrNvsfY4Ne587EFq8J+uJ0Z87oHSQpgRNTBZWH\nSvDU34qDap0V031xj1QqUezVIidzMFp17iZGa+22UaRLvfP5v7r9fveywjGoJ+wF\nqbBJ9EW/QqL0g/aVBIoplMsEd8A5AwNH+jrI/74xgSRf5sVQ+mCeLzJOJ0Z4T3sc\nWqixSReZChse4kkdI1IFhXyMMxgc5+eZBzJn7RGqgP0A7fIRoWOuIKvY0BEnbuyb\nwarwZa2t+RChp3RyLaArHxYC16htqiYH+hOW1SpjNdlqV9DZj5XgtLzy6L7Q0Hou\nZHHtsM5aSSyXV0pBaCdlSz2H3uXp3GWwO6ykYwpHAAAAAwEAAQAAAQEArkCKCH2c\n7kylY34D9gu6u2qzEmqszYI55Mw8fnlXpyQOzzux5Tu07lp9i52rp7vDJvt9TI8/\nRz8nHKlRtwizvJt7fQYlh/5vMPaTqdsKY5iH0e74Lkh3GymU1jabD/uHYgnmpxpr\nvkb7NUqnj8o0+ssia7XhLamPqwlqQxuf0L4+E3XhELuBfh/1lgU9vnlvju2HdglC\nvB8giOfilTnYuPBMb9aQl4jqQmNS4P9obQi2Eq6XJ9mF/hc0sjY502NrdcUorR2j\n1871prsYlHp9QLYOgwlLy0wOTpgff7DHzmArhHHl8Fqf+00uLIZmI5wRbSUD70PR\ngNJcjmUsPicFwQAAAIA3EOpbpLO6FEh5bcXzzR3foyCbIH90ly3ziwYN67m0p7jY\nVjV1vCD1lMJDj0rn+0FF0dFKmsxDez0+JcK0huldJpjp4/kVcEuK4ZWJBVoqGRWZ\nbRzr/fbECYOHA7CjIp6aTn94NbsIWTOncXNaw9bFhhK+LkysBITmRLTTHBuePQAA\nAIEA6xaXbgIuIP2LBH+AnxWXhmpOQ+8FW3GiWxRTQZRibvgYe9O+Up4deNF0BsVZ\nWaykTy+y6yHSGywgSJ829KxMq8uoEETEryo+rLKgo61xqdraWag7r75/OO5R3rua\ndcZfFWPmlyKZ0a5syF/saLVUA+ryrJGwmlbOM5DDbRXqBWEAAACBANZxjjfFrI1D\nDgaqEdjXhAjXpATG1JrzFkaY6RfimPFuGTbpQGnj0mGbEFg6NVYgDkDKlzpcF8F2\nGDa/0QWBwgFeSJWmGiN4/YnGNycndLhAVXammGSpirdsT+uxuzXa0vaF/8jH+H6l\nqqtKdqSHvQKG/dJnsQAG0kI9w1g0noinAAAAAAEC\n-----END OPENSSH PRIVATE KEY-----\n",
            "private_key_pem": "-----BEGIN RSA PRIVATE KEY-----\nMIIEpQIBAAKCAQEAxO0qKIzB6zb7H2ODXufOxBavCfridGfO6B0kKYETUwWVh0rw\n1N+Kg2qdFdN9cY9UKlHs1SInczBade4mRmvttlGkS73z+b+6/X73ssIxqCfsBamw\nSfRFv0Ki9IP2lQSKKZTLBHfAOQMDR/o6yP++MYEkX+bFUPpgni8yTidGeE97HFqo\nsUkXmQobHuJJHSNSBYV8jDMYHOfnmQcyZ+0RqoD9AO3yEaFjriCr2NARJ27sm8Gq\n8GWtrfkQoad0ci2gKx8WAteobaomB/oTltUqYzXZalfQ2Y+V4LS88ui+0NB6LmRx\n7bDOWkksl1dKQWgnZUs9h97l6dxlsDuspGMKRwIDAQABAoIBAQCuQIoIfZzuTKVj\nfgP2C7q7arMSaqzNgjnkzDx+eVenJA7PO7HlO7TuWn2Lnaunu8Mm+31Mjz9HPycc\nqVG3CLO8m3t9BiWH/m8w9pOp2wpjmIfR7vguSHcbKZTWNpsP+4diCeanGmu+Rvs1\nSqePyjT6yyJrteEtqY+rCWpDG5/Qvj4TdeEQu4F+H/WWBT2+eW+O7Yd2CUK8HyCI\n5+KVOdi48Exv1pCXiOpCY1Lg/2htCLYSrpcn2YX+FzSyNjnTY2t1xSitHaPXzvWm\nuxiUen1Atg6DCUvLTA5OmB9/sMfOYCuEceXwWp/7TS4shmYjnBFtJQPvQ9GA0lyO\nZSw+JwXBAoGBAOsWl24CLiD9iwR/gJ8Vl4ZqTkPvBVtxolsUU0GUYm74GHvTvlKe\nHXjRdAbFWVmspE8vsush0hssIEifNvSsTKvLqBBExK8qPqyyoKOtcana2lmoO6++\nfzjuUd67mnXGXxVj5pcimdGubMhf7Gi1VAPq8qyRsJpWzjOQw20V6gVhAoGBANZx\njjfFrI1DDgaqEdjXhAjXpATG1JrzFkaY6RfimPFuGTbpQGnj0mGbEFg6NVYgDkDK\nlzpcF8F2GDa/0QWBwgFeSJWmGiN4/YnGNycndLhAVXammGSpirdsT+uxuzXa0vaF\n/8jH+H6lqqtKdqSHvQKG/dJnsQAG0kI9w1g0noinAoGBAJ6W7/Lbb6j7wbN4HBm1\npDGeN0wmy5NjtiYBMSUVZ836efHW5xau6azeh4olyd/v0ixFPkrW1vlTrDexiI5I\nSbS/P5IyAgk003EHU8z3La1rIU/IaPNm7EZIp1w9bLa06uHwMdeVFPVZ2LLX2xDL\n+nBmJ+14nw2PL62jo+JMHUIhAoGBALBAavyqCvWb/GY72ClakVnXKycF6O5mB5QE\nz+hixQQCUtUQB3JA3sR8d4WcagQcmrpkCMHduWS31JUDOSAGk1cekBf3ippHMlPP\nx7r1sfhSYCwCJ1TtCGdTrahxzwYnkacvYZk7yqEFNu5MaJE4Q4BVRT9vHEqCUMRD\nEVBpBzgXAoGANxDqW6SzuhRIeW3F880d36MgmyB/dJct84sGDeu5tKe42FY1dbwg\n9ZTCQ49K5/tBRdHRSprMQ3s9PiXCtIbpXSaY6eP5FXBLiuGViQVaKhkVmW0c6/32\nxAmDhwOwoyKemk5/eDW7CFkzp3FzWsPWxYYSvi5MrASE5kS00xwbnj0=\n-----END RSA PRIVATE KEY-----\n",
            "private_key_pem_pkcs8": "-----BEGIN PRIVATE KEY-----\nMIIEvwIBADANBgkqhkiG9w0BAQEFAASCBKkwggSlAgEAAoIBAQDE7SoojMHrNvsf\nY4Ne587EFq8J+uJ0Z87oHSQpgRNTBZWHSvDU34qDap0V031xj1QqUezVIidzMFp1\n7iZGa+22UaRLvfP5v7r9fveywjGoJ+wFqbBJ9EW/QqL0g/aVBIoplMsEd8A5AwNH\n+jrI/74xgSRf5sVQ+mCeLzJOJ0Z4T3scWqixSReZChse4kkdI1IFhXyMMxgc5+eZ\nBzJn7RGqgP0A7fIRoWOuIKvY0BEnbuybwarwZa2t+RChp3RyLaArHxYC16htqiYH\n+hOW1SpjNdlqV9DZj5XgtLzy6L7Q0HouZHHtsM5aSSyXV0pBaCdlSz2H3uXp3GWw\nO6ykYwpHAgMBAAECggEBAK5Aigh9nO5MpWN+A/YLurtqsxJqrM2COeTMPH55V6ck\nDs87seU7tO5afYudq6e7wyb7fUyPP0c/JxypUbcIs7ybe30GJYf+bzD2k6nbCmOY\nh9Hu+C5IdxsplNY2mw/7h2IJ5qcaa75G+zVKp4/KNPrLImu14S2pj6sJakMbn9C+\nPhN14RC7gX4f9ZYFPb55b47th3YJQrwfIIjn4pU52LjwTG/WkJeI6kJjUuD/aG0I\nthKulyfZhf4XNLI2OdNja3XFKK0do9fO9aa7GJR6fUC2DoMJS8tMDk6YH3+wx85g\nK4Rx5fBan/tNLiyGZiOcEW0lA+9D0YDSXI5lLD4nBcECgYEA6xaXbgIuIP2LBH+A\nnxWXhmpOQ+8FW3GiWxRTQZRibvgYe9O+Up4deNF0BsVZWaykTy+y6yHSGywgSJ82\n9KxMq8uoEETEryo+rLKgo61xqdraWag7r75/OO5R3ruadcZfFWPmlyKZ0a5syF/s\naLVUA+ryrJGwmlbOM5DDbRXqBWECgYEA1nGON8WsjUMOBqoR2NeECNekBMbUmvMW\nRpjpF+KY8W4ZNulAaePSYZsQWDo1ViAOQMqXOlwXwXYYNr/RBYHCAV5IlaYaI3j9\nicY3Jyd0uEBVdqaYZKmKt2xP67G7NdrS9oX/yMf4fqWqq0p2pIe9Aob90mexAAbS\nQj3DWDSeiKcCgYEAnpbv8ttvqPvBs3gcGbWkMZ43TCbLk2O2JgExJRVnzfp58dbn\nFq7prN6HiiXJ3+/SLEU+StbW+VOsN7GIjkhJtL8/kjICCTTTcQdTzPctrWshT8ho\n82bsRkinXD1strTq4fAx15UU9VnYstfbEMv6cGYn7XifDY8vraOj4kwdQiECgYEA\nsEBq/KoK9Zv8ZjvYKVqRWdcrJwXo7mYHlATP6GLFBAJS1RAHckDexHx3hZxqBBya\numQIwd25ZLfUlQM5IAaTVx6QF/eKmkcyU8/HuvWx+FJgLAInVO0IZ1OtqHHPBieR\npy9hmTvKoQU27kxokThDgFVFP28cSoJQxEMRUGkHOBcCgYA3EOpbpLO6FEh5bcXz\nzR3foyCbIH90ly3ziwYN67m0p7jYVjV1vCD1lMJDj0rn+0FF0dFKmsxDez0+JcK0\nhuldJpjp4/kVcEuK4ZWJBVoqGRWZbRzr/fbECYOHA7CjIp6aTn94NbsIWTOncXNa\nw9bFhhK+LkysBITmRLTTHBuePQ==\n-----END PRIVATE KEY-----\n",
            "public_key_fingerprint_md5": "d2:68:10:a4:89:e0:02:9d:ae:ab:0a:e5:91:a2:96:bc",
            "public_key_fingerprint_sha256": "SHA256:f3rrDJyktW2bos6nLnljBfimJJGfr8G0dWf9A+HjUz8",
            "public_key_openssh": "ssh-rsa AAAAB3NzaC1yc2EAAAADAQABAAABAQDE7SoojMHrNvsfY4Ne587EFq8J+uJ0Z87oHSQpgRNTBZWHSvDU34qDap0V031xj1QqUezVIidzMFp17iZGa+22UaRLvfP5v7r9fveywjGoJ+wFqbBJ9EW/QqL0g/aVBIoplMsEd8A5AwNH+jrI/74xgSRf5sVQ+mCeLzJOJ0Z4T3scWqixSReZChse4kkdI1IFhXyMMxgc5+eZBzJn7RGqgP0A7fIRoWOuIKvY0BEnbuybwarwZa2t+RChp3RyLaArHxYC16htqiYH+hOW1SpjNdlqV9DZj5XgtLzy6L7Q0HouZHHtsM5aSSyXV0pBaCdlSz2H3uXp3GWwO6ykYwpH\n",
            "public_key_pem": "-----BEGIN PUBLIC KEY-----\nMIIBIjANBgkqhkiG9w0BAQEFAAOCAQ8AMIIBCgKCAQEAxO0qKIzB6zb7H2ODXufO\nxBavCfridGfO6B0kKYETUwWVh0rw1N+Kg2qdFdN9cY9UKlHs1SInczBade4mRmvt\ntlGkS73z+b+6/X73ssIxqCfsBamwSfRFv0Ki9IP2lQSKKZTLBHfAOQMDR/o6yP++\nMYEkX+bFUPpgni8yTidGeE97HFqosUkXmQobHuJJHSNSBYV8jDMYHOfnmQcyZ+0R\nqoD9AO3yEaFjriCr2NARJ27sm8Gq8GWtrfkQoad0ci2gKx8WAteobaomB/oTltUq\nYzXZalfQ2Y+V4LS88ui+0NB6LmRx7bDOWkksl1dKQWgnZUs9h97l6dxlsDuspGMK\nRwIDAQAB\n-----END PUBLIC KEY-----\n",
            "rsa_bits": 2048
          },
          "sensitive_attributes": [
            [
              {
                "type": "get_attr",
                "value": "private_key_pem_pkcs8"
              }
            ],
            [
              {
                "type": "get_attr",
                "value": "private_key_pem"
              }
            ],
            [
              {
                "type": "get_attr",
                "value": "private_key_openssh"
              }
            ]
          ]
        }
      ]
    }
  ],
  "check_results": null
}
